
Microsoft Visual Studio Solution File, Format Version 12.00
# Visual Studio Version 16
VisualStudioVersion = 16.0.809.0
MinimumVisualStudioVersion = 10.0.40219.1
Project("{FAE04EC0-301F-11D3-BF4B-00C04F79EFBC}") = "Pong_Plus", "Pong_Plus\Pong_Plus.csproj", "{962B5A3C-5598-4151-AC32-EE31635EE3BC}"
EndProject
Global
	GlobalSection(SolutionConfigurationPlatforms) = preSolution
		Debug|Any CPU = Debug|Any CPU
		Release|Any CPU = Release|Any CPU
	EndGlobalSection
	GlobalSection(ProjectConfigurationPlatforms) = postSolution
		{962B5A3C-5598-4151-AC32-EE31635EE3BC}.Debug|Any CPU.ActiveCfg = Debug|Any CPU
		{962B5A3C-5598-4151-AC32-EE31635EE3BC}.Debug|Any CPU.Build.0 = Debug|Any CPU
		{962B5A3C-5598-4151-AC32-EE31635EE3BC}.Release|Any CPU.ActiveCfg = Release|Any CPU
		{962B5A3C-5598-4151-AC32-EE31635EE3BC}.Release|Any CPU.Build.0 = Release|Any CPU
	EndGlobalSection
	GlobalSection(SolutionProperties) = preSolution
		HideSolutionNode = FALSE
	EndGlobalSection
	GlobalSection(ExtensibilityGlobals) = postSolution
		SolutionGuid = {6672C3C0-3316-4DA7-8782-1B0D06E38498}
	EndGlobalSection
EndGlobal
